// !$*UTF8*$!
{
	archiveVersion = 1;
	classes = {
	};
	objectVersion = 77;
	objects = {

/* Begin PBXBuildFile section */
		EEE9CAA32D5FCB02001C8AD3 /* Cocoa.framework in Frameworks */ = {isa = PBXBuildFile; fileRef = EEE9CAA22D5FCB02001C8AD3 /* Cocoa.framework */; };
		EEE9CAA52D5FCB08001C8AD3 /* OpenGL.framework in Frameworks */ = {isa = PBXBuildFile; fileRef = EEE9CAA42D5FCB08001C8AD3 /* OpenGL.framework */; };
		EEE9CAA92D5FCB11001C8AD3 /* SDL2_image.framework in Frameworks */ = {isa = PBXBuildFile; fileRef = EEE9CAA62D5FCB11001C8AD3 /* SDL2_image.framework */; };
		EEE9CAAA2D5FCB11001C8AD3 /* SDL2.framework in Frameworks */ = {isa = PBXBuildFile; fileRef = EEE9CAA72D5FCB11001C8AD3 /* SDL2.framework */; };
		EEE9CAAB2D5FCB11001C8AD3 /* SDL2_mixer.framework in Frameworks */ = {isa = PBXBuildFile; fileRef = EEE9CAA82D5FCB11001C8AD3 /* SDL2_mixer.framework */; };
/* End PBXBuildFile section */

/* Begin PBXCopyFilesBuildPhase section */
		EEE9C90E2D5FCA5A001C8AD3 /* CopyFiles */ = {
			isa = PBXCopyFilesBuildPhase;
			buildActionMask = 8;
			dstPath = "";
			dstSubfolderSpec = 6;
			files = (
			);
			runOnlyForDeploymentPostprocessing = 1;
		};
/* End PBXCopyFilesBuildPhase section */

/* Begin PBXFileReference section */
		EEE9C9102D5FCA5A001C8AD3 /* Simple 2D Scene */ = {isa = PBXFileReference; explicitFileType = "compiled.mach-o.executable"; includeInIndex = 0; path = "Simple 2D Scene"; sourceTree = BUILT_PRODUCTS_DIR; };
		EEE9CAA22D5FCB02001C8AD3 /* Cocoa.framework */ = {isa = PBXFileReference; lastKnownFileType = wrapper.framework; name = Cocoa.framework; path = System/Library/Frameworks/Cocoa.framework; sourceTree = SDKROOT; };
		EEE9CAA42D5FCB08001C8AD3 /* OpenGL.framework */ = {isa = PBXFileReference; lastKnownFileType = wrapper.framework; name = OpenGL.framework; path = System/Library/Frameworks/OpenGL.framework; sourceTree = SDKROOT; };
		EEE9CAA62D5FCB11001C8AD3 /* SDL2_image.framework */ = {isa = PBXFileReference; lastKnownFileType = wrapper.framework; name = SDL2_image.framework; path = ../../../../../Library/Frameworks/SDL2_image.framework; sourceTree = "<group>"; };
		EEE9CAA72D5FCB11001C8AD3 /* SDL2.framework */ = {isa = PBXFileReference; lastKnownFileType = wrapper.framework; name = SDL2.framework; path = ../../../../../Library/Frameworks/SDL2.framework; sourceTree = "<group>"; };
		EEE9CAA82D5FCB11001C8AD3 /* SDL2_mixer.framework */ = {isa = PBXFileReference; lastKnownFileType = wrapper.framework; name = SDL2_mixer.framework; path = ../../../../../Library/Frameworks/SDL2_mixer.framework; sourceTree = "<group>"; };
/* End PBXFileReference section */

/* Begin PBXFileSystemSynchronizedGroupBuildPhaseMembershipExceptionSet section */
		EEE9D0E32D5FE446001C8AD3 /* Exceptions for "Simple 2D Scene" folder in "Copy Files" phase from "Simple 2D Scene" target */ = {
			isa = PBXFileSystemSynchronizedGroupBuildPhaseMembershipExceptionSet;
			buildPhase = EEE9C90E2D5FCA5A001C8AD3 /* CopyFiles */;
			membershipExceptions = (
				clove.png,
				Mystbloom.png,
			);
		};
/* End PBXFileSystemSynchronizedGroupBuildPhaseMembershipExceptionSet section */

/* Begin PBXFileSystemSynchronizedRootGroup section */
		EEE9C9122D5FCA5A001C8AD3 /* Simple 2D Scene */ = {
			isa = PBXFileSystemSynchronizedRootGroup;
			exceptions = (
				EEE9D0E32D5FE446001C8AD3 /* Exceptions for "Simple 2D Scene" folder in "Copy Files" phase from "Simple 2D Scene" target */,
			);
			path = "Simple 2D Scene";
			sourceTree = "<group>";
		};
/* End PBXFileSystemSynchronizedRootGroup section */

/* Begin PBXFrameworksBuildPhase section */
		EEE9C90D2D5FCA5A001C8AD3 /* Frameworks */ = {
			isa = PBXFrameworksBuildPhase;
			buildActionMask = 2147483647;
			files = (
				EEE9CAA92D5FCB11001C8AD3 /* SDL2_image.framework in Frameworks */,
				EEE9CAAA2D5FCB11001C8AD3 /* SDL2.framework in Frameworks */,
				EEE9CAA52D5FCB08001C8AD3 /* OpenGL.framework in Frameworks */,
				EEE9CAA32D5FCB02001C8AD3 /* Cocoa.framework in Frameworks */,
				EEE9CAAB2D5FCB11001C8AD3 /* SDL2_mixer.framework in Frameworks */,
			);
			runOnlyForDeploymentPostprocessing = 0;
		};
/* End PBXFrameworksBuildPhase section */

/* Begin PBXGroup section */
		EEE9C9072D5FCA5A001C8AD3 = {
			isa = PBXGroup;
			children = (
				EEE9C9122D5FCA5A001C8AD3 /* Simple 2D Scene */,
				EEE9CAA12D5FCB02001C8AD3 /* Frameworks */,
				EEE9C9112D5FCA5A001C8AD3 /* Products */,
			);
			sourceTree = "<group>";
		};
		EEE9C9112D5FCA5A001C8AD3 /* Products */ = {
			isa = PBXGroup;
			children = (
				EEE9C9102D5FCA5A001C8AD3 /* Simple 2D Scene */,
			);
			name = Products;
			sourceTree = "<group>";
		};
		EEE9CAA12D5FCB02001C8AD3 /* Frameworks */ = {
			isa = PBXGroup;
			children = (
				EEE9CAA72D5FCB11001C8AD3 /* SDL2.framework */,
				EEE9CAA62D5FCB11001C8AD3 /* SDL2_image.framework */,
				EEE9CAA82D5FCB11001C8AD3 /* SDL2_mixer.framework */,
				EEE9CAA42D5FCB08001C8AD3 /* OpenGL.framework */,
				EEE9CAA22D5FCB02001C8AD3 /* Cocoa.framework */,
			);
			name = Frameworks;
			sourceTree = "<group>";
		};
/* End PBXGroup section */

/* Begin PBXNativeTarget section */
		EEE9C90F2D5FCA5A001C8AD3 /* Simple 2D Scene */ = {
			isa = PBXNativeTarget;
			buildConfigurationList = EEE9C9172D5FCA5A001C8AD3 /* Build configuration list for PBXNativeTarget "Simple 2D Scene" */;
			buildPhases = (
				EEE9C90C2D5FCA5A001C8AD3 /* Sources */,
				EEE9C90D2D5FCA5A001C8AD3 /* Frameworks */,
				EEE9C90E2D5FCA5A001C8AD3 /* CopyFiles */,
			);
			buildRules = (
			);
			dependencies = (
			);
			fileSystemSynchronizedGroups = (
				EEE9C9122D5FCA5A001C8AD3 /* Simple 2D Scene */,
			);
			name = "Simple 2D Scene";
			packageProductDependencies = (
			);
			productName = "Simple 2D Scene";
			productReference = EEE9C9102D5FCA5A001C8AD3 /* Simple 2D Scene */;
			productType = "com.apple.product-type.tool";
		};
/* End PBXNativeTarget section */

/* Begin PBXProject section */
		EEE9C9082D5FCA5A001C8AD3 /* Project object */ = {
			isa = PBXProject;
			attributes = {
				BuildIndependentTargetsInParallel = 1;
				LastUpgradeCheck = 1620;
				TargetAttributes = {
					EEE9C90F2D5FCA5A001C8AD3 = {
						CreatedOnToolsVersion = 16.2;
					};
				};
			};
			buildConfigurationList = EEE9C90B2D5FCA5A001C8AD3 /* Build configuration list for PBXProject "Simple 2D Scene" */;
			developmentRegion = en;
			hasScannedForEncodings = 0;
			knownRegions = (
				en,
				Base,
			);
			mainGroup = EEE9C9072D5FCA5A001C8AD3;
			minimizedProjectReferenceProxies = 1;
			preferredProjectObjectVersion = 77;
			productRefGroup = EEE9C9112D5FCA5A001C8AD3 /* Products */;
			projectDirPath = "";
			projectRoot = "";
			targets = (
				EEE9C90F2D5FCA5A001C8AD3 /* Simple 2D Scene */,
			);
		};
/* End PBXProject section */

/* Begin PBXSourcesBuildPhase section */
		EEE9C90C2D5FCA5A001C8AD3 /* Sources */ = {
			isa = PBXSourcesBuildPhase;
			buildActionMask = 2147483647;
			files = (
			);
			runOnlyForDeploymentPostprocessing = 0;
		};
/* End PBXSourcesBuildPhase section */

/* Begin XCBuildConfiguration section */
		EEE9C9152D5FCA5A001C8AD3 /* Debug */ = {
			isa = XCBuildConfiguration;
			buildSettings = {
				ALWAYS_SEARCH_USER_PATHS = NO;
				ASSETCATALOG_COMPILER_GENERATE_SWIFT_ASSET_SYMBOL_EXTENSIONS = YES;
				CLANG_ANALYZER_NONNULL = YES;
				CLANG_ANALYZER_NUMBER_OBJECT_CONVERSION = YES_AGGRESSIVE;
				CLANG_CXX_LANGUAGE_STANDARD = "gnu++20";
				CLANG_ENABLE_MODULES = YES;
				CLANG_ENABLE_OBJC_ARC = YES;
				CLANG_ENABLE_OBJC_WEAK = YES;
				CLANG_WARN_BLOCK_CAPTURE_AUTORELEASING = YES;
				CLANG_WARN_BOOL_CONVERSION = YES;
				CLANG_WARN_COMMA = YES;
				CLANG_WARN_CONSTANT_CONVERSION = YES;
				CLANG_WARN_DEPRECATED_OBJC_IMPLEMENTATIONS = YES;
				CLANG_WARN_DIRECT_OBJC_ISA_USAGE = YES_ERROR;
				CLANG_WARN_DOCUMENTATION_COMMENTS = YES;
				CLANG_WARN_EMPTY_BODY = YES;
				CLANG_WARN_ENUM_CONVERSION = YES;
				CLANG_WARN_INFINITE_RECURSION = YES;
				CLANG_WARN_INT_CONVERSION = YES;
				CLANG_WARN_NON_LITERAL_NULL_CONVERSION = YES;
				CLANG_WARN_OBJC_IMPLICIT_RETAIN_SELF = YES;
				CLANG_WARN_OBJC_LITERAL_CONVERSION = YES;
				CLANG_WARN_OBJC_ROOT_CLASS = YES_ERROR;
				CLANG_WARN_QUOTED_INCLUDE_IN_FRAMEWORK_HEADER = YES;
				CLANG_WARN_RANGE_LOOP_ANALYSIS = YES;
				CLANG_WARN_STRICT_PROTOTYPES = YES;
				CLANG_WARN_SUSPICIOUS_MOVE = YES;
				CLANG_WARN_UNGUARDED_AVAILABILITY = YES_AGGRESSIVE;
				CLANG_WARN_UNREACHABLE_CODE = YES;
				CLANG_WARN__DUPLICATE_METHOD_MATCH = YES;
				COPY_PHASE_STRIP = NO;
				DEBUG_INFORMATION_FORMAT = dwarf;
				ENABLE_STRICT_OBJC_MSGSEND = YES;
				ENABLE_TESTABILITY = YES;
				ENABLE_USER_SCRIPT_SANDBOXING = YES;
				EXCLUDED_ARCHS = arm64;
				GCC_C_LANGUAGE_STANDARD = gnu17;
				GCC_DYNAMIC_NO_PIC = NO;
				GCC_NO_COMMON_BLOCKS = YES;
				GCC_OPTIMIZATION_LEVEL = 0;
				GCC_PREPROCESSOR_DEFINITIONS = (
					"DEBUG=1",
					"$(inherited)",
				);
				GCC_WARN_64_TO_32_BIT_CONVERSION = YES;
				GCC_WARN_ABOUT_RETURN_TYPE = YES_ERROR;
				GCC_WARN_UNDECLARED_SELECTOR = YES;
				GCC_WARN_UNINITIALIZED_AUTOS = YES_AGGRESSIVE;
				GCC_WARN_UNUSED_FUNCTION = YES;
				GCC_WARN_UNUSED_VARIABLE = YES;
				HEADER_SEARCH_PATHS = (
					/Library/Frameworks/SDL2.framework/Versions/A/Headers,
					/Library/Frameworks/SDL2_image.framwork/Version/A/Header,
				);
				LOCALIZATION_PREFERS_STRING_CATALOGS = YES;
				MACOSX_DEPLOYMENT_TARGET = 11.5;
				MTL_ENABLE_DEBUG_INFO = INCLUDE_SOURCE;
				MTL_FAST_MATH = YES;
				ONLY_ACTIVE_ARCH = YES;
				SDKROOT = macosx;
				XROS_DEPLOYMENT_TARGET = 1.3;
			};
			name = Debug;
		};
		EEE9C9162D5FCA5A001C8AD3 /* Release */ = {
			isa = XCBuildConfiguration;
			buildSettings = {
				ALWAYS_SEARCH_USER_PATHS = NO;
				ASSETCATALOG_COMPILER_GENERATE_SWIFT_ASSET_SYMBOL_EXTENSIONS = YES;
				CLANG_ANALYZER_NONNULL = YES;
				CLANG_ANALYZER_NUMBER_OBJECT_CONVERSION = YES_AGGRESSIVE;
				CLANG_CXX_LANGUAGE_STANDARD = "gnu++20";
				CLANG_ENABLE_MODULES = YES;
				CLANG_ENABLE_OBJC_ARC = YES;
				CLANG_ENABLE_OBJC_WEAK = YES;
				CLANG_WARN_BLOCK_CAPTURE_AUTORELEASING = YES;
				CLANG_WARN_BOOL_CONVERSION = YES;
				CLANG_WARN_COMMA = YES;
				CLANG_WARN_CONSTANT_CONVERSION = YES;
				CLANG_WARN_DEPRECATED_OBJC_IMPLEMENTATIONS = YES;
				CLANG_WARN_DIRECT_OBJC_ISA_USAGE = YES_ERROR;
				CLANG_WARN_DOCUMENTATION_COMMENTS = YES;
				CLANG_WARN_EMPTY_BODY = YES;
				CLANG_WARN_ENUM_CONVERSION = YES;
				CLANG_WARN_INFINITE_RECURSION = YES;
				CLANG_WARN_INT_CONVERSION = YES;
				CLANG_WARN_NON_LITERAL_NULL_CONVERSION = YES;
				CLANG_WARN_OBJC_IMPLICIT_RETAIN_SELF = YES;
				CLANG_WARN_OBJC_LITERAL_CONVERSION = YES;
				CLANG_WARN_OBJC_ROOT_CLASS = YES_ERROR;
				CLANG_WARN_QUOTED_INCLUDE_IN_FRAMEWORK_HEADER = YES;
				CLANG_WARN_RANGE_LOOP_ANALYSIS = YES;
				CLANG_WARN_STRICT_PROTOTYPES = YES;
				CLANG_WARN_SUSPICIOUS_MOVE = YES;
				CLANG_WARN_UNGUARDED_AVAILABILITY = YES_AGGRESSIVE;
				CLANG_WARN_UNREACHABLE_CODE = YES;
				CLANG_WARN__DUPLICATE_METHOD_MATCH = YES;
				COPY_PHASE_STRIP = NO;
				DEBUG_INFORMATION_FORMAT = "dwarf-with-dsym";
				ENABLE_NS_ASSERTIONS = NO;
				ENABLE_STRICT_OBJC_MSGSEND = YES;
				ENABLE_USER_SCRIPT_SANDBOXING = YES;
				EXCLUDED_ARCHS = arm64;
				GCC_C_LANGUAGE_STANDARD = gnu17;
				GCC_NO_COMMON_BLOCKS = YES;
				GCC_WARN_64_TO_32_BIT_CONVERSION = YES;
				GCC_WARN_ABOUT_RETURN_TYPE = YES_ERROR;
				GCC_WARN_UNDECLARED_SELECTOR = YES;
				GCC_WARN_UNINITIALIZED_AUTOS = YES_AGGRESSIVE;
				GCC_WARN_UNUSED_FUNCTION = YES;
				GCC_WARN_UNUSED_VARIABLE = YES;
				HEADER_SEARCH_PATHS = (
					/Library/Frameworks/SDL2.framework/Versions/A/Headers,
					/Library/Frameworks/SDL2_image.framwork/Version/A/Header,
				);
				LOCALIZATION_PREFERS_STRING_CATALOGS = YES;
				MACOSX_DEPLOYMENT_TARGET = 11.5;
				MTL_ENABLE_DEBUG_INFO = NO;
				MTL_FAST_MATH = YES;
				SDKROOT = macosx;
				XROS_DEPLOYMENT_TARGET = 1.3;
			};
			name = Release;
		};
		EEE9C9182D5FCA5A001C8AD3 /* Debug */ = {
			isa = XCBuildConfiguration;
			buildSettings = {
				CODE_SIGN_STYLE = Automatic;
				FRAMEWORK_SEARCH_PATHS = (
					"$(inherited)",
					"$(LOCAL_LIBRARY_DIR)/Frameworks",
				);
				PRODUCT_NAME = "$(TARGET_NAME)";
			};
			name = Debug;
		};
		EEE9C9192D5FCA5A001C8AD3 /* Release */ = {
			isa = XCBuildConfiguration;
			buildSettings = {
				CODE_SIGN_STYLE = Automatic;
				FRAMEWORK_SEARCH_PATHS = (
					"$(inherited)",
					"$(LOCAL_LIBRARY_DIR)/Frameworks",
				);
				PRODUCT_NAME = "$(TARGET_NAME)";
			};
			name = Release;
		};
/* End XCBuildConfiguration section */

/* Begin XCConfigurationList section */
		EEE9C90B2D5FCA5A001C8AD3 /* Build configuration list for PBXProject "Simple 2D Scene" */ = {
			isa = XCConfigurationList;
			buildConfigurations = (
				EEE9C9152D5FCA5A001C8AD3 /* Debug */,
				EEE9C9162D5FCA5A001C8AD3 /* Release */,
			);
			defaultConfigurationIsVisible = 0;
			defaultConfigurationName = Release;
		};
		EEE9C9172D5FCA5A001C8AD3 /* Build configuration list for PBXNativeTarget "Simple 2D Scene" */ = {
			isa = XCConfigurationList;
			buildConfigurations = (
				EEE9C9182D5FCA5A001C8AD3 /* Debug */,
				EEE9C9192D5FCA5A001C8AD3 /* Release */,
			);
			defaultConfigurationIsVisible = 0;
			defaultConfigurationName = Release;
		};
/* End XCConfigurationList section */
	};
	rootObject = EEE9C9082D5FCA5A001C8AD3 /* Project object */;
}
